
Microsoft Visual Studio Solution File, Format Version 12.00
# Visual Studio Version 17
VisualStudioVersion = 17.3.32901.215
MinimumVisualStudioVersion = 10.0.40219.1
Project("{2150E333-8FDC-42A3-9474-1A3956D46DE8}") = "Tests", "Tests", "{EB54D000-867F-48CA-AE28-BDBE0CCE1322}"
EndProject
Project("{9A19103F-16F7-4668-BE54-9A1E7A4F7556}") = "SFA.DAS.AdminService.Settings", "SFA.DAS.AdminService.Settings\SFA.DAS.AdminService.Settings.csproj", "{7597DE7D-2942-4E5C-B64E-4F2BA69FDE26}"
EndProject
Project("{9A19103F-16F7-4668-BE54-9A1E7A4F7556}") = "SFA.DAS.AdminService.Web", "SFA.DAS.AdminService.Web\SFA.DAS.AdminService.Web.csproj", "{027ED1F2-884B-4BA9-8131-4CE16F9675AE}"
EndProject
Project("{9A19103F-16F7-4668-BE54-9A1E7A4F7556}") = "SFA.DAS.AdminService.Application.Interfaces", "SFA.DAS.AdminService.Application.Interfaces\SFA.DAS.AdminService.Application.Interfaces.csproj", "{00C6C6AC-BABF-41D2-8011-B47B7222A81E}"
EndProject
Project("{9A19103F-16F7-4668-BE54-9A1E7A4F7556}") = "SFA.DAS.AdminService.Common", "SFA.DAS.AdminService.Common\SFA.DAS.AdminService.Common.csproj", "{299A5643-96E7-41F8-8F62-9B364F912728}"
EndProject
Project("{9A19103F-16F7-4668-BE54-9A1E7A4F7556}") = "SFA.DAS.AdminService.Common.Testing", "SFA.DAS.AdminService.Common.Testing\SFA.DAS.AdminService.Common.Testing.csproj", "{B4469D4F-9C9A-4F0B-B8AF-55E93A4A308B}"
EndProject
Project("{9A19103F-16F7-4668-BE54-9A1E7A4F7556}") = "SFA.DAS.AdminService.Web.UnitTests", "SFA.DAS.AdminService.Web.UnitTests\SFA.DAS.AdminService.Web.UnitTests.csproj", "{F07B3326-5CF7-4CFC-90FE-38606A7425B8}"
EndProject
Project("{9A19103F-16F7-4668-BE54-9A1E7A4F7556}") = "SFA.DAS.AdminService.Infrastructure", "SFA.DAS.AdminService.Infrastructure\SFA.DAS.AdminService.Infrastructure.csproj", "{ACB27611-8593-42D7-9D14-9D580FE01C0B}"
EndProject
Project("{9A19103F-16F7-4668-BE54-9A1E7A4F7556}") = "SFA.DAS.AdminService.Application", "SFA.DAS.AdminService.Application\SFA.DAS.AdminService.Application.csproj", "{6AD687C5-92D1-4B80-A1DE-CCE3B0EC2F44}"
EndProject
Global
	GlobalSection(SolutionConfigurationPlatforms) = preSolution
		Debug|Any CPU = Debug|Any CPU
		Release|Any CPU = Release|Any CPU
	EndGlobalSection
	GlobalSection(ProjectConfigurationPlatforms) = postSolution
		{7597DE7D-2942-4E5C-B64E-4F2BA69FDE26}.Debug|Any CPU.ActiveCfg = Debug|Any CPU
		{7597DE7D-2942-4E5C-B64E-4F2BA69FDE26}.Debug|Any CPU.Build.0 = Debug|Any CPU
		{7597DE7D-2942-4E5C-B64E-4F2BA69FDE26}.Release|Any CPU.ActiveCfg = Release|Any CPU
		{7597DE7D-2942-4E5C-B64E-4F2BA69FDE26}.Release|Any CPU.Build.0 = Release|Any CPU
		{027ED1F2-884B-4BA9-8131-4CE16F9675AE}.Debug|Any CPU.ActiveCfg = Debug|Any CPU
		{027ED1F2-884B-4BA9-8131-4CE16F9675AE}.Debug|Any CPU.Build.0 = Debug|Any CPU
		{027ED1F2-884B-4BA9-8131-4CE16F9675AE}.Release|Any CPU.ActiveCfg = Release|Any CPU
		{027ED1F2-884B-4BA9-8131-4CE16F9675AE}.Release|Any CPU.Build.0 = Release|Any CPU
		{00C6C6AC-BABF-41D2-8011-B47B7222A81E}.Debug|Any CPU.ActiveCfg = Debug|Any CPU
		{00C6C6AC-BABF-41D2-8011-B47B7222A81E}.Debug|Any CPU.Build.0 = Debug|Any CPU
		{00C6C6AC-BABF-41D2-8011-B47B7222A81E}.Release|Any CPU.ActiveCfg = Release|Any CPU
		{00C6C6AC-BABF-41D2-8011-B47B7222A81E}.Release|Any CPU.Build.0 = Release|Any CPU
		{299A5643-96E7-41F8-8F62-9B364F912728}.Debug|Any CPU.ActiveCfg = Debug|Any CPU
		{299A5643-96E7-41F8-8F62-9B364F912728}.Debug|Any CPU.Build.0 = Debug|Any CPU
		{299A5643-96E7-41F8-8F62-9B364F912728}.Release|Any CPU.ActiveCfg = Release|Any CPU
		{299A5643-96E7-41F8-8F62-9B364F912728}.Release|Any CPU.Build.0 = Release|Any CPU
		{B4469D4F-9C9A-4F0B-B8AF-55E93A4A308B}.Debug|Any CPU.ActiveCfg = Debug|Any CPU
		{B4469D4F-9C9A-4F0B-B8AF-55E93A4A308B}.Debug|Any CPU.Build.0 = Debug|Any CPU
		{B4469D4F-9C9A-4F0B-B8AF-55E93A4A308B}.Release|Any CPU.ActiveCfg = Release|Any CPU
		{B4469D4F-9C9A-4F0B-B8AF-55E93A4A308B}.Release|Any CPU.Build.0 = Release|Any CPU
		{F07B3326-5CF7-4CFC-90FE-38606A7425B8}.Debug|Any CPU.ActiveCfg = Debug|Any CPU
		{F07B3326-5CF7-4CFC-90FE-38606A7425B8}.Debug|Any CPU.Build.0 = Debug|Any CPU
		{F07B3326-5CF7-4CFC-90FE-38606A7425B8}.Release|Any CPU.ActiveCfg = Release|Any CPU
		{F07B3326-5CF7-4CFC-90FE-38606A7425B8}.Release|Any CPU.Build.0 = Release|Any CPU
		{ACB27611-8593-42D7-9D14-9D580FE01C0B}.Debug|Any CPU.ActiveCfg = Debug|Any CPU
		{ACB27611-8593-42D7-9D14-9D580FE01C0B}.Debug|Any CPU.Build.0 = Debug|Any CPU
		{ACB27611-8593-42D7-9D14-9D580FE01C0B}.Release|Any CPU.ActiveCfg = Release|Any CPU
		{ACB27611-8593-42D7-9D14-9D580FE01C0B}.Release|Any CPU.Build.0 = Release|Any CPU
		{6AD687C5-92D1-4B80-A1DE-CCE3B0EC2F44}.Debug|Any CPU.ActiveCfg = Debug|Any CPU
		{6AD687C5-92D1-4B80-A1DE-CCE3B0EC2F44}.Debug|Any CPU.Build.0 = Debug|Any CPU
		{6AD687C5-92D1-4B80-A1DE-CCE3B0EC2F44}.Release|Any CPU.ActiveCfg = Release|Any CPU
		{6AD687C5-92D1-4B80-A1DE-CCE3B0EC2F44}.Release|Any CPU.Build.0 = Release|Any CPU
	EndGlobalSection
	GlobalSection(SolutionProperties) = preSolution
		HideSolutionNode = FALSE
	EndGlobalSection
	GlobalSection(NestedProjects) = preSolution
		{F07B3326-5CF7-4CFC-90FE-38606A7425B8} = {EB54D000-867F-48CA-AE28-BDBE0CCE1322}
	EndGlobalSection
	GlobalSection(ExtensibilityGlobals) = postSolution
		SolutionGuid = {C5B677B2-0D72-4629-A5FD-F94B00EC858B}
	EndGlobalSection
EndGlobal
